
Microsoft Visual Studio Solution File, Format Version 12.00
# Visual Studio 2012
Project("{2150E333-8FDC-42A3-9474-1A3956D46DE8}") = "Autodesk.ADN.Toolkit", "Autodesk.ADN.Toolkit", "{144E8E2A-A425-4751-8454-654892CD78CF}"
EndProject
Project("{2150E333-8FDC-42A3-9474-1A3956D46DE8}") = "Autodesk.ADN.Demos", "Autodesk.ADN.Demos", "{B615E4E4-0254-4ADA-9951-329914892285}"
EndProject
Project("{FAE04EC0-301F-11D3-BF4B-00C04F79EFBC}") = "Autodesk.ADN.Toolkit.OAuth", "Autodesk.ADN.Toolkit\Autodesk.ADN.Toolkit.OAuth\Autodesk.ADN.Toolkit.OAuth.csproj", "{684C30AA-4564-49AB-A723-930B9B4198AF}"
EndProject
Project("{FAE04EC0-301F-11D3-BF4B-00C04F79EFBC}") = "Autodesk.ADN.Toolkit.UI", "Autodesk.ADN.Toolkit\Autodesk.ADN.Toolkit.UI\Autodesk.ADN.Toolkit.UI.csproj", "{DB529343-4636-459B-A3AF-4A36A7743660}"
EndProject
Project("{FAE04EC0-301F-11D3-BF4B-00C04F79EFBC}") = "Autodesk.ADN.Toolkit.ReCap", "Autodesk.ADN.Toolkit\Autodesk.ADN.Toolkit.ReCap\Autodesk.ADN.Toolkit.ReCap.csproj", "{CD19C325-887B-4C6C-BC20-C0F8DD574223}"
EndProject
Project("{FAE04EC0-301F-11D3-BF4B-00C04F79EFBC}") = "Autodesk.ADN.ReCapWPF", "Autodesk.ADN.Demos\Autodesk.ADN.ReCapWPF\Autodesk.ADN.ReCapWPF.csproj", "{D1F14D6F-C3F0-4012-9614-D456C8F15027}"
EndProject
Global
	GlobalSection(SolutionConfigurationPlatforms) = preSolution
		Debug|Any CPU = Debug|Any CPU
		Debug|Mixed Platforms = Debug|Mixed Platforms
		Debug|x86 = Debug|x86
		Release|Any CPU = Release|Any CPU
		Release|Mixed Platforms = Release|Mixed Platforms
		Release|x86 = Release|x86
	EndGlobalSection
	GlobalSection(ProjectConfigurationPlatforms) = postSolution
		{684C30AA-4564-49AB-A723-930B9B4198AF}.Debug|Any CPU.ActiveCfg = Debug|Any CPU
		{684C30AA-4564-49AB-A723-930B9B4198AF}.Debug|Any CPU.Build.0 = Debug|Any CPU
		{684C30AA-4564-49AB-A723-930B9B4198AF}.Debug|Mixed Platforms.ActiveCfg = Debug|Any CPU
		{684C30AA-4564-49AB-A723-930B9B4198AF}.Debug|Mixed Platforms.Build.0 = Debug|Any CPU
		{684C30AA-4564-49AB-A723-930B9B4198AF}.Debug|x86.ActiveCfg = Debug|Any CPU
		{684C30AA-4564-49AB-A723-930B9B4198AF}.Release|Any CPU.ActiveCfg = Release|Any CPU
		{684C30AA-4564-49AB-A723-930B9B4198AF}.Release|Any CPU.Build.0 = Release|Any CPU
		{684C30AA-4564-49AB-A723-930B9B4198AF}.Release|Mixed Platforms.ActiveCfg = Release|Any CPU
		{684C30AA-4564-49AB-A723-930B9B4198AF}.Release|Mixed Platforms.Build.0 = Release|Any CPU
		{684C30AA-4564-49AB-A723-930B9B4198AF}.Release|x86.ActiveCfg = Release|Any CPU
		{DB529343-4636-459B-A3AF-4A36A7743660}.Debug|Any CPU.ActiveCfg = Debug|Any CPU
		{DB529343-4636-459B-A3AF-4A36A7743660}.Debug|Any CPU.Build.0 = Debug|Any CPU
		{DB529343-4636-459B-A3AF-4A36A7743660}.Debug|Mixed Platforms.ActiveCfg = Debug|Any CPU
		{DB529343-4636-459B-A3AF-4A36A7743660}.Debug|Mixed Platforms.Build.0 = Debug|Any CPU
		{DB529343-4636-459B-A3AF-4A36A7743660}.Debug|x86.ActiveCfg = Debug|Any CPU
		{DB529343-4636-459B-A3AF-4A36A7743660}.Release|Any CPU.ActiveCfg = Release|Any CPU
		{DB529343-4636-459B-A3AF-4A36A7743660}.Release|Any CPU.Build.0 = Release|Any CPU
		{DB529343-4636-459B-A3AF-4A36A7743660}.Release|Mixed Platforms.ActiveCfg = Release|Any CPU
		{DB529343-4636-459B-A3AF-4A36A7743660}.Release|Mixed Platforms.Build.0 = Release|Any CPU
		{DB529343-4636-459B-A3AF-4A36A7743660}.Release|x86.ActiveCfg = Release|Any CPU
		{CD19C325-887B-4C6C-BC20-C0F8DD574223}.Debug|Any CPU.ActiveCfg = Debug|Any CPU
		{CD19C325-887B-4C6C-BC20-C0F8DD574223}.Debug|Any CPU.Build.0 = Debug|Any CPU
		{CD19C325-887B-4C6C-BC20-C0F8DD574223}.Debug|Mixed Platforms.ActiveCfg = Debug|Any CPU
		{CD19C325-887B-4C6C-BC20-C0F8DD574223}.Debug|Mixed Platforms.Build.0 = Debug|Any CPU
		{CD19C325-887B-4C6C-BC20-C0F8DD574223}.Debug|x86.ActiveCfg = Debug|Any CPU
		{CD19C325-887B-4C6C-BC20-C0F8DD574223}.Release|Any CPU.ActiveCfg = Release|Any CPU
		{CD19C325-887B-4C6C-BC20-C0F8DD574223}.Release|Any CPU.Build.0 = Release|Any CPU
		{CD19C325-887B-4C6C-BC20-C0F8DD574223}.Release|Mixed Platforms.ActiveCfg = Release|Any CPU
		{CD19C325-887B-4C6C-BC20-C0F8DD574223}.Release|Mixed Platforms.Build.0 = Release|Any CPU
		{CD19C325-887B-4C6C-BC20-C0F8DD574223}.Release|x86.ActiveCfg = Release|Any CPU
		{D1F14D6F-C3F0-4012-9614-D456C8F15027}.Debug|Any CPU.ActiveCfg = Debug|Any CPU
		{D1F14D6F-C3F0-4012-9614-D456C8F15027}.Debug|Any CPU.Build.0 = Debug|Any CPU
		{D1F14D6F-C3F0-4012-9614-D456C8F15027}.Debug|Mixed Platforms.ActiveCfg = Debug|Any CPU
		{D1F14D6F-C3F0-4012-9614-D456C8F15027}.Debug|Mixed Platforms.Build.0 = Debug|Any CPU
		{D1F14D6F-C3F0-4012-9614-D456C8F15027}.Debug|x86.ActiveCfg = Debug|Any CPU
		{D1F14D6F-C3F0-4012-9614-D456C8F15027}.Release|Any CPU.ActiveCfg = Release|Any CPU
		{D1F14D6F-C3F0-4012-9614-D456C8F15027}.Release|Any CPU.Build.0 = Release|Any CPU
		{D1F14D6F-C3F0-4012-9614-D456C8F15027}.Release|Mixed Platforms.ActiveCfg = Release|Any CPU
		{D1F14D6F-C3F0-4012-9614-D456C8F15027}.Release|Mixed Platforms.Build.0 = Release|Any CPU
		{D1F14D6F-C3F0-4012-9614-D456C8F15027}.Release|x86.ActiveCfg = Release|Any CPU
	EndGlobalSection
	GlobalSection(SolutionProperties) = preSolution
		HideSolutionNode = FALSE
	EndGlobalSection
	GlobalSection(NestedProjects) = preSolution
		{684C30AA-4564-49AB-A723-930B9B4198AF} = {144E8E2A-A425-4751-8454-654892CD78CF}
		{DB529343-4636-459B-A3AF-4A36A7743660} = {144E8E2A-A425-4751-8454-654892CD78CF}
		{CD19C325-887B-4C6C-BC20-C0F8DD574223} = {144E8E2A-A425-4751-8454-654892CD78CF}
		{D1F14D6F-C3F0-4012-9614-D456C8F15027} = {B615E4E4-0254-4ADA-9951-329914892285}
	EndGlobalSection
EndGlobal
